
Microsoft Visual Studio Solution File, Format Version 12.00
# Visual Studio Version 17
VisualStudioVersion = 17.9.34714.143
MinimumVisualStudioVersion = 10.0.40219.1
Project("{FAE04EC0-301F-11D3-BF4B-00C04F79EFBC}") = "LanchesMac", "LanchesMac\LanchesMac.csproj", "{2AC14A38-D07C-4DA2-93CF-0F16238FF99C}"
EndProject
Global
	GlobalSection(SolutionConfigurationPlatforms) = preSolution
		Debug|Any CPU = Debug|Any CPU
		Release|Any CPU = Release|Any CPU
	EndGlobalSection
	GlobalSection(ProjectConfigurationPlatforms) = postSolution
		{2AC14A38-D07C-4DA2-93CF-0F16238FF99C}.Debug|Any CPU.ActiveCfg = Debug|Any CPU
		{2AC14A38-D07C-4DA2-93CF-0F16238FF99C}.Debug|Any CPU.Build.0 = Debug|Any CPU
		{2AC14A38-D07C-4DA2-93CF-0F16238FF99C}.Release|Any CPU.ActiveCfg = Release|Any CPU
		{2AC14A38-D07C-4DA2-93CF-0F16238FF99C}.Release|Any CPU.Build.0 = Release|Any CPU
	EndGlobalSection
	GlobalSection(SolutionProperties) = preSolution
		HideSolutionNode = FALSE
	EndGlobalSection
	GlobalSection(ExtensibilityGlobals) = postSolution
		SolutionGuid = {2C87C66A-E4B4-4919-AF87-A4F29F39ED25}
	EndGlobalSection
EndGlobal
